# This file is automatically @generated by Cargo.
# It is not intended for manual editing.
version = 3

[[package]]
name = "WindowManager"
version = "0.1.0"
dependencies = [
 "lazy_static",
 "libc",
 "log",
 "x11-dl",
]

[[package]]
name = "lazy_static"
version = "0.2.1"
source = "registry+https://github.com/rust-lang/crates.io-index"
checksum = "49247ec2a285bb3dcb23cbd9c35193c025e7251bfce77c1d5da97e6362dffe7f"

[[package]]
name = "libc"
version = "0.2.13"
source = "registry+https://github.com/rust-lang/crates.io-index"
checksum = "d781ca9ed9bbe09595f6bbdeb9aeacb6b46154f1dd8c457a048d7d3c02561071"

[[package]]
name = "log"
version = "0.3.6"
source = "registry+https://github.com/rust-lang/crates.io-index"
checksum = "ab83497bf8bf4ed2a74259c1c802351fcd67a65baa86394b6ba73c36f4838054"

[[package]]
name = "x11-dl"
version = "2.6.1"
source = "registry+https://github.com/rust-lang/crates.io-index"
checksum = "b39ea389104543ff486fd0421d10baf9ba564cd34d7ab79eab52467bc5400395"
dependencies = [
 "lazy_static",
 "libc",
]
